PODS:
  - Marker (1.2.1)
  - TappableLabelView (1.0.0)

DEPENDENCIES:
  - Marker
  - TappableLabelView (= 1.0.0)

SPEC REPOS:
  https://github.com/cocoapods/specs.git:
    - Marker
    - TappableLabelView

SPEC CHECKSUMS:
  Marker: b8f775718b2cf7c872956b9b5413121b0ce56de5
  TappableLabelView: ff314878c19b46f3af22c53cc5bd055ec2dde5f3

PODFILE CHECKSUM: d8db2ec025c8ad7feaa16c006ecc920728960a6f

COCOAPODS: 1.7.4
