// !$*UTF8*$!
{
	archiveVersion = 1;
	classes = {
	};
	objectVersion = 51;
	objects = {

/* Begin PBXBuildFile section */
		16D75060FB07F98F1705BC23 /* Pods_TappableViewExample.framework in Frameworks */ = {isa = PBXBuildFile; fileRef = E781F67BCEF274730164BBAF /* Pods_TappableViewExample.framework */; };
		70D6008F22E17135002DCD37 /* AppDelegate.swift in Sources */ = {isa = PBXBuildFile; fileRef = 70D6008E22E17135002DCD37 /* AppDelegate.swift */; };
		70D6009122E17135002DCD37 /* ViewController.swift in Sources */ = {isa = PBXBuildFile; fileRef = 70D6009022E17135002DCD37 /* ViewController.swift */; };
		70D6009422E17135002DCD37 /* Main.storyboard in Resources */ = {isa = PBXBuildFile; fileRef = 70D6009222E17135002DCD37 /* Main.storyboard */; };
		70D6009622E17138002DCD37 /* Assets.xcassets in Resources */ = {isa = PBXBuildFile; fileRef = 70D6009522E17138002DCD37 /* Assets.xcassets */; };
		70D6009922E17138002DCD37 /* LaunchScreen.storyboard in Resources */ = {isa = PBXBuildFile; fileRef = 70D6009722E17138002DCD37 /* LaunchScreen.storyboard */; };
/* End PBXBuildFile section */

/* Begin PBXFileReference section */
		70D6008B22E17135002DCD37 /* TappableViewExample.app */ = {isa = PBXFileReference; explicitFileType = wrapper.application; includeInIndex = 0; path = TappableViewExample.app; sourceTree = BUILT_PRODUCTS_DIR; };
		70D6008E22E17135002DCD37 /* AppDelegate.swift */ = {isa = PBXFileReference; lastKnownFileType = sourcecode.swift; path = AppDelegate.swift; sourceTree = "<group>"; };
		70D6009022E17135002DCD37 /* ViewController.swift */ = {isa = PBXFileReference; lastKnownFileType = sourcecode.swift; path = ViewController.swift; sourceTree = "<group>"; };
		70D6009322E17135002DCD37 /* Base */ = {isa = PBXFileReference; lastKnownFileType = file.storyboard; name = Base; path = Base.lproj/Main.storyboard; sourceTree = "<group>"; };
		70D6009522E17138002DCD37 /* Assets.xcassets */ = {isa = PBXFileReference; lastKnownFileType = folder.assetcatalog; path = Assets.xcassets; sourceTree = "<group>"; };
		70D6009822E17138002DCD37 /* Base */ = {isa = PBXFileReference; lastKnownFileType = file.storyboard; name = Base; path = Base.lproj/LaunchScreen.storyboard; sourceTree = "<group>"; };
		70D6009A22E17138002DCD37 /* Info.plist */ = {isa = PBXFileReference; lastKnownFileType = text.plist.xml; path = Info.plist; sourceTree = "<group>"; };
		8FF515C27BA34E461004D3F0 /* Pods-TappableViewExample.release.xcconfig */ = {isa = PBXFileReference; includeInIndex = 1; lastKnownFileType = text.xcconfig; name = "Pods-TappableViewExample.release.xcconfig"; path = "Target Support Files/Pods-TappableViewExample/Pods-TappableViewExample.release.xcconfig"; sourceTree = "<group>"; };
		CBFDE034998B4253C036D7AD /* Pods-TappableViewExample.debug.xcconfig */ = {isa = PBXFileReference; includeInIndex = 1; lastKnownFileType = text.xcconfig; name = "Pods-TappableViewExample.debug.xcconfig"; path = "Target Support Files/Pods-TappableViewExample/Pods-TappableViewExample.debug.xcconfig"; sourceTree = "<group>"; };
		E781F67BCEF274730164BBAF /* Pods_TappableViewExample.framework */ = {isa = PBXFileReference; explicitFileType = wrapper.framework; includeInIndex = 0; path = Pods_TappableViewExample.framework; sourceTree = BUILT_PRODUCTS_DIR; };
/* End PBXFileReference section */

/* Begin PBXFrameworksBuildPhase section */
		70D6008822E17135002DCD37 /* Frameworks */ = {
			isa = PBXFrameworksBuildPhase;
			buildActionMask = 2147483647;
			files = (
				16D75060FB07F98F1705BC23 /* Pods_TappableViewExample.framework in Frameworks */,
			);
			runOnlyForDeploymentPostprocessing = 0;
		};
/* End PBXFrameworksBuildPhase section */

/* Begin PBXGroup section */
		70D6008222E17135002DCD37 = {
			isa = PBXGroup;
			children = (
				70D6008D22E17135002DCD37 /* TappableViewExample */,
				70D6008C22E17135002DCD37 /* Products */,
				B33CD3190445221FAEB4CD0E /* Pods */,
				77ADE390A94FC3EACE84914B /* Frameworks */,
			);
			sourceTree = "<group>";
		};
		70D6008C22E17135002DCD37 /* Products */ = {
			isa = PBXGroup;
			children = (
				70D6008B22E17135002DCD37 /* TappableViewExample.app */,
			);
			name = Products;
			sourceTree = "<group>";
		};
		70D6008D22E17135002DCD37 /* TappableViewExample */ = {
			isa = PBXGroup;
			children = (
				70D6008E22E17135002DCD37 /* AppDelegate.swift */,
				70D6009022E17135002DCD37 /* ViewController.swift */,
				70D6009222E17135002DCD37 /* Main.storyboard */,
				70D6009522E17138002DCD37 /* Assets.xcassets */,
				70D6009722E17138002DCD37 /* LaunchScreen.storyboard */,
				70D6009A22E17138002DCD37 /* Info.plist */,
			);
			path = TappableViewExample;
			sourceTree = "<group>";
		};
		77ADE390A94FC3EACE84914B /* Frameworks */ = {
			isa = PBXGroup;
			children = (
				E781F67BCEF274730164BBAF /* Pods_TappableViewExample.framework */,
			);
			name = Frameworks;
			sourceTree = "<group>";
		};
		B33CD3190445221FAEB4CD0E /* Pods */ = {
			isa = PBXGroup;
			children = (
				CBFDE034998B4253C036D7AD /* Pods-TappableViewExample.debug.xcconfig */,
				8FF515C27BA34E461004D3F0 /* Pods-TappableViewExample.release.xcconfig */,
			);
			path = Pods;
			sourceTree = "<group>";
		};
/* End PBXGroup section */

/* Begin PBXNativeTarget section */
		70D6008A22E17135002DCD37 /* TappableViewExample */ = {
			isa = PBXNativeTarget;
			buildConfigurationList = 70D6009D22E17138002DCD37 /* Build configuration list for PBXNativeTarget "TappableViewExample" */;
			buildPhases = (
				C4A83685F1F104EAB7FD911C /* [CP] Check Pods Manifest.lock */,
				70D6008722E17135002DCD37 /* Sources */,
				70D6008822E17135002DCD37 /* Frameworks */,
				70D6008922E17135002DCD37 /* Resources */,
				70F02EE622E4CE5700B8B1A7 /* swiftlint */,
				1C4F858EA5017FCD2D850C85 /* [CP] Embed Pods Frameworks */,
			);
			buildRules = (
			);
			dependencies = (
			);
			name = TappableViewExample;
			productName = TappableViewExample;
			productReference = 70D6008B22E17135002DCD37 /* TappableViewExample.app */;
			productType = "com.apple.product-type.application";
		};
/* End PBXNativeTarget section */

/* Begin PBXProject section */
		70D6008322E17135002DCD37 /* Project object */ = {
			isa = PBXProject;
			attributes = {
				LastSwiftUpdateCheck = 1020;
				LastUpgradeCheck = 1020;
				ORGANIZATIONNAME = malinka;
				TargetAttributes = {
					70D6008A22E17135002DCD37 = {
						CreatedOnToolsVersion = 10.2.1;
					};
				};
			};
			buildConfigurationList = 70D6008622E17135002DCD37 /* Build configuration list for PBXProject "TappableViewExample" */;
			compatibilityVersion = "Xcode 9.3";
			developmentRegion = en;
			hasScannedForEncodings = 0;
			knownRegions = (
				en,
				Base,
			);
			mainGroup = 70D6008222E17135002DCD37;
			productRefGroup = 70D6008C22E17135002DCD37 /* Products */;
			projectDirPath = "";
			projectRoot = "";
			targets = (
				70D6008A22E17135002DCD37 /* TappableViewExample */,
			);
		};
/* End PBXProject section */

/* Begin PBXResourcesBuildPhase section */
		70D6008922E17135002DCD37 /* Resources */ = {
			isa = PBXResourcesBuildPhase;
			buildActionMask = 2147483647;
			files = (
				70D6009922E17138002DCD37 /* LaunchScreen.storyboard in Resources */,
				70D6009622E17138002DCD37 /* Assets.xcassets in Resources */,
				70D6009422E17135002DCD37 /* Main.storyboard in Resources */,
			);
			runOnlyForDeploymentPostprocessing = 0;
		};
/* End PBXResourcesBuildPhase section */

/* Begin PBXShellScriptBuildPhase section */
		1C4F858EA5017FCD2D850C85 /* [CP] Embed Pods Frameworks */ = {
			isa = PBXShellScriptBuildPhase;
			buildActionMask = 2147483647;
			files = (
			);
			inputFileListPaths = (
				"${PODS_ROOT}/Target Support Files/Pods-TappableViewExample/Pods-TappableViewExample-frameworks-${CONFIGURATION}-input-files.xcfilelist",
			);
			name = "[CP] Embed Pods Frameworks";
			outputFileListPaths = (
				"${PODS_ROOT}/Target Support Files/Pods-TappableViewExample/Pods-TappableViewExample-frameworks-${CONFIGURATION}-output-files.xcfilelist",
			);
			runOnlyForDeploymentPostprocessing = 0;
			shellPath = /bin/sh;
			shellScript = "\"${PODS_ROOT}/Target Support Files/Pods-TappableViewExample/Pods-TappableViewExample-frameworks.sh\"\n";
			showEnvVarsInLog = 0;
		};
		70F02EE622E4CE5700B8B1A7 /* swiftlint */ = {
			isa = PBXShellScriptBuildPhase;
			buildActionMask = 2147483647;
			files = (
			);
			inputFileListPaths = (
			);
			inputPaths = (
			);
			name = swiftlint;
			outputFileListPaths = (
			);
			outputPaths = (
			);
			runOnlyForDeploymentPostprocessing = 0;
			shellPath = /bin/sh;
			shellScript = "if which swiftlint >/dev/null; then\nswiftlint\nelse\necho \"warning: SwiftLint not installed, download from https://github.com/realm/SwiftLint\"\nfi\n";
		};
		C4A83685F1F104EAB7FD911C /* [CP] Check Pods Manifest.lock */ = {
			isa = PBXShellScriptBuildPhase;
			buildActionMask = 2147483647;
			files = (
			);
			inputFileListPaths = (
			);
			inputPaths = (
				"${PODS_PODFILE_DIR_PATH}/Podfile.lock",
				"${PODS_ROOT}/Manifest.lock",
			);
			name = "[CP] Check Pods Manifest.lock";
			outputFileListPaths = (
			);
			outputPaths = (
				"$(DERIVED_FILE_DIR)/Pods-TappableViewExample-checkManifestLockResult.txt",
			);
			runOnlyForDeploymentPostprocessing = 0;
			shellPath = /bin/sh;
			shellScript = "diff \"${PODS_PODFILE_DIR_PATH}/Podfile.lock\" \"${PODS_ROOT}/Manifest.lock\" > /dev/null\nif [ $? != 0 ] ; then\n    # print error to STDERR\n    echo \"error: The sandbox is not in sync with the Podfile.lock. Run 'pod install' or update your CocoaPods installation.\" >&2\n    exit 1\nfi\n# This output is used by Xcode 'outputs' to avoid re-running this script phase.\necho \"SUCCESS\" > \"${SCRIPT_OUTPUT_FILE_0}\"\n";
			showEnvVarsInLog = 0;
		};
/* End PBXShellScriptBuildPhase section */

/* Begin PBXSourcesBuildPhase section */
		70D6008722E17135002DCD37 /* Sources */ = {
			isa = PBXSourcesBuildPhase;
			buildActionMask = 2147483647;
			files = (
				70D6009122E17135002DCD37 /* ViewController.swift in Sources */,
				70D6008F22E17135002DCD37 /* AppDelegate.swift in Sources */,
			);
			runOnlyForDeploymentPostprocessing = 0;
		};
/* End PBXSourcesBuildPhase section */

/* Begin PBXVariantGroup section */
		70D6009222E17135002DCD37 /* Main.storyboard */ = {
			isa = PBXVariantGroup;
			children = (
				70D6009322E17135002DCD37 /* Base */,
			);
			name = Main.storyboard;
			sourceTree = "<group>";
		};
		70D6009722E17138002DCD37 /* LaunchScreen.storyboard */ = {
			isa = PBXVariantGroup;
			children = (
				70D6009822E17138002DCD37 /* Base */,
			);
			name = LaunchScreen.storyboard;
			sourceTree = "<group>";
		};
/* End PBXVariantGroup section */

/* Begin XCBuildConfiguration section */
		70D6009B22E17138002DCD37 /* Debug */ = {
			isa = XCBuildConfiguration;
			buildSettings = {
				ALWAYS_SEARCH_USER_PATHS = NO;
				CLANG_ANALYZER_NONNULL = YES;
				CLANG_ANALYZER_NUMBER_OBJECT_CONVERSION = YES_AGGRESSIVE;
				CLANG_CXX_LANGUAGE_STANDARD = "gnu++14";
				CLANG_CXX_LIBRARY = "libc++";
				CLANG_ENABLE_MODULES = YES;
				CLANG_ENABLE_OBJC_ARC = YES;
				CLANG_ENABLE_OBJC_WEAK = YES;
				CLANG_WARN_BLOCK_CAPTURE_AUTORELEASING = YES;
				CLANG_WARN_BOOL_CONVERSION = YES;
				CLANG_WARN_COMMA = YES;
				CLANG_WARN_CONSTANT_CONVERSION = YES;
				CLANG_WARN_DEPRECATED_OBJC_IMPLEMENTATIONS = YES;
				CLANG_WARN_DIRECT_OBJC_ISA_USAGE = YES_ERROR;
				CLANG_WARN_DOCUMENTATION_COMMENTS = YES;
				CLANG_WARN_EMPTY_BODY = YES;
				CLANG_WARN_ENUM_CONVERSION = YES;
				CLANG_WARN_INFINITE_RECURSION = YES;
				CLANG_WARN_INT_CONVERSION = YES;
				CLANG_WARN_NON_LITERAL_NULL_CONVERSION = YES;
				CLANG_WARN_OBJC_IMPLICIT_RETAIN_SELF = YES;
				CLANG_WARN_OBJC_LITERAL_CONVERSION = YES;
				CLANG_WARN_OBJC_ROOT_CLASS = YES_ERROR;
				CLANG_WARN_RANGE_LOOP_ANALYSIS = YES;
				CLANG_WARN_STRICT_PROTOTYPES = YES;
				CLANG_WARN_SUSPICIOUS_MOVE = YES;
				CLANG_WARN_UNGUARDED_AVAILABILITY = YES_AGGRESSIVE;
				CLANG_WARN_UNREACHABLE_CODE = YES;
				CLANG_WARN__DUPLICATE_METHOD_MATCH = YES;
				CODE_SIGN_IDENTITY = "iPhone Developer";
				COPY_PHASE_STRIP = NO;
				DEBUG_INFORMATION_FORMAT = dwarf;
				ENABLE_STRICT_OBJC_MSGSEND = YES;
				ENABLE_TESTABILITY = YES;
				GCC_C_LANGUAGE_STANDARD = gnu11;
				GCC_DYNAMIC_NO_PIC = NO;
				GCC_NO_COMMON_BLOCKS = YES;
				GCC_OPTIMIZATION_LEVEL = 0;
				GCC_PREPROCESSOR_DEFINITIONS = (
					"DEBUG=1",
					"$(inherited)",
				);
				GCC_WARN_64_TO_32_BIT_CONVERSION = YES;
				GCC_WARN_ABOUT_RETURN_TYPE = YES_ERROR;
				GCC_WARN_UNDECLARED_SELECTOR = YES;
				GCC_WARN_UNINITIALIZED_AUTOS = YES_AGGRESSIVE;
				GCC_WARN_UNUSED_FUNCTION = YES;
				GCC_WARN_UNUSED_VARIABLE = YES;
				IPHONEOS_DEPLOYMENT_TARGET = 12.2;
				MTL_ENABLE_DEBUG_INFO = INCLUDE_SOURCE;
				MTL_FAST_MATH = YES;
				ONLY_ACTIVE_ARCH = YES;
				SDKROOT = iphoneos;
				SWIFT_ACTIVE_COMPILATION_CONDITIONS = DEBUG;
				SWIFT_OPTIMIZATION_LEVEL = "-Onone";
			};
			name = Debug;
		};
		70D6009C22E17138002DCD37 /* Release */ = {
			isa = XCBuildConfiguration;
			buildSettings = {
				ALWAYS_SEARCH_USER_PATHS = NO;
				CLANG_ANALYZER_NONNULL = YES;
				CLANG_ANALYZER_NUMBER_OBJECT_CONVERSION = YES_AGGRESSIVE;
				CLANG_CXX_LANGUAGE_STANDARD = "gnu++14";
				CLANG_CXX_LIBRARY = "libc++";
				CLANG_ENABLE_MODULES = YES;
				CLANG_ENABLE_OBJC_ARC = YES;
				CLANG_ENABLE_OBJC_WEAK = YES;
				CLANG_WARN_BLOCK_CAPTURE_AUTORELEASING = YES;
				CLANG_WARN_BOOL_CONVERSION = YES;
				CLANG_WARN_COMMA = YES;
				CLANG_WARN_CONSTANT_CONVERSION = YES;
				CLANG_WARN_DEPRECATED_OBJC_IMPLEMENTATIONS = YES;
				CLANG_WARN_DIRECT_OBJC_ISA_USAGE = YES_ERROR;
				CLANG_WARN_DOCUMENTATION_COMMENTS = YES;
				CLANG_WARN_EMPTY_BODY = YES;
				CLANG_WARN_ENUM_CONVERSION = YES;
				CLANG_WARN_INFINITE_RECURSION = YES;
				CLANG_WARN_INT_CONVERSION = YES;
				CLANG_WARN_NON_LITERAL_NULL_CONVERSION = YES;
				CLANG_WARN_OBJC_IMPLICIT_RETAIN_SELF = YES;
				CLANG_WARN_OBJC_LITERAL_CONVERSION = YES;
				CLANG_WARN_OBJC_ROOT_CLASS = YES_ERROR;
				CLANG_WARN_RANGE_LOOP_ANALYSIS = YES;
				CLANG_WARN_STRICT_PROTOTYPES = YES;
				CLANG_WARN_SUSPICIOUS_MOVE = YES;
				CLANG_WARN_UNGUARDED_AVAILABILITY = YES_AGGRESSIVE;
				CLANG_WARN_UNREACHABLE_CODE = YES;
				CLANG_WARN__DUPLICATE_METHOD_MATCH = YES;
				CODE_SIGN_IDENTITY = "iPhone Developer";
				COPY_PHASE_STRIP = NO;
				DEBUG_INFORMATION_FORMAT = "dwarf-with-dsym";
				ENABLE_NS_ASSERTIONS = NO;
				ENABLE_STRICT_OBJC_MSGSEND = YES;
				GCC_C_LANGUAGE_STANDARD = gnu11;
				GCC_NO_COMMON_BLOCKS = YES;
				GCC_WARN_64_TO_32_BIT_CONVERSION = YES;
				GCC_WARN_ABOUT_RETURN_TYPE = YES_ERROR;
				GCC_WARN_UNDECLARED_SELECTOR = YES;
				GCC_WARN_UNINITIALIZED_AUTOS = YES_AGGRESSIVE;
				GCC_WARN_UNUSED_FUNCTION = YES;
				GCC_WARN_UNUSED_VARIABLE = YES;
				IPHONEOS_DEPLOYMENT_TARGET = 12.2;
				MTL_ENABLE_DEBUG_INFO = NO;
				MTL_FAST_MATH = YES;
				SDKROOT = iphoneos;
				SWIFT_COMPILATION_MODE = wholemodule;
				SWIFT_OPTIMIZATION_LEVEL = "-O";
				VALIDATE_PRODUCT = YES;
			};
			name = Release;
		};
		70D6009E22E17138002DCD37 /* Debug */ = {
			isa = XCBuildConfiguration;
			baseConfigurationReference = CBFDE034998B4253C036D7AD /* Pods-TappableViewExample.debug.xcconfig */;
			buildSettings = {
				ASSETCATALOG_COMPILER_APPICON_NAME = AppIcon;
				CODE_SIGN_STYLE = Automatic;
				DEVELOPMENT_TEAM = 3Y57FJF6PJ;
				INFOPLIST_FILE = TappableViewExample/Info.plist;
				LD_RUNPATH_SEARCH_PATHS = (
					"$(inherited)",
					"@executable_path/Frameworks",
				);
				PRODUCT_BUNDLE_IDENTIFIER = com.malinka.TappableViewExample;
				PRODUCT_NAME = "$(TARGET_NAME)";
				SWIFT_VERSION = 5.0;
				TARGETED_DEVICE_FAMILY = "1,2";
			};
			name = Debug;
		};
		70D6009F22E17138002DCD37 /* Release */ = {
			isa = XCBuildConfiguration;
			baseConfigurationReference = 8FF515C27BA34E461004D3F0 /* Pods-TappableViewExample.release.xcconfig */;
			buildSettings = {
				ASSETCATALOG_COMPILER_APPICON_NAME = AppIcon;
				CODE_SIGN_STYLE = Automatic;
				DEVELOPMENT_TEAM = 3Y57FJF6PJ;
				INFOPLIST_FILE = TappableViewExample/Info.plist;
				LD_RUNPATH_SEARCH_PATHS = (
					"$(inherited)",
					"@executable_path/Frameworks",
				);
				PRODUCT_BUNDLE_IDENTIFIER = com.malinka.TappableViewExample;
				PRODUCT_NAME = "$(TARGET_NAME)";
				SWIFT_VERSION = 5.0;
				TARGETED_DEVICE_FAMILY = "1,2";
			};
			name = Release;
		};
/* End XCBuildConfiguration section */

/* Begin XCConfigurationList section */
		70D6008622E17135002DCD37 /* Build configuration list for PBXProject "TappableViewExample" */ = {
			isa = XCConfigurationList;
			buildConfigurations = (
				70D6009B22E17138002DCD37 /* Debug */,
				70D6009C22E17138002DCD37 /* Release */,
			);
			defaultConfigurationIsVisible = 0;
			defaultConfigurationName = Release;
		};
		70D6009D22E17138002DCD37 /* Build configuration list for PBXNativeTarget "TappableViewExample" */ = {
			isa = XCConfigurationList;
			buildConfigurations = (
				70D6009E22E17138002DCD37 /* Debug */,
				70D6009F22E17138002DCD37 /* Release */,
			);
			defaultConfigurationIsVisible = 0;
			defaultConfigurationName = Release;
		};
/* End XCConfigurationList section */
	};
	rootObject = 70D6008322E17135002DCD37 /* Project object */;
}
